
Microsoft Visual Studio Solution File, Format Version 12.00
# Visual Studio Version 16
VisualStudioVersion = 16.0.29409.12
MinimumVisualStudioVersion = 10.0.40219.1
Project("{FAE04EC0-301F-11D3-BF4B-00C04F79EFBC}") = "WebApı", "WebApı\WebApı.csproj", "{2D586B68-44F1-462B-81BE-770AA8BF8408}"
EndProject
Global
	GlobalSection(SolutionConfigurationPlatforms) = preSolution
		Debug|Any CPU = Debug|Any CPU
		Release|Any CPU = Release|Any CPU
	EndGlobalSection
	GlobalSection(ProjectConfigurationPlatforms) = postSolution
		{2D586B68-44F1-462B-81BE-770AA8BF8408}.Debug|Any CPU.ActiveCfg = Debug|Any CPU
		{2D586B68-44F1-462B-81BE-770AA8BF8408}.Debug|Any CPU.Build.0 = Debug|Any CPU
		{2D586B68-44F1-462B-81BE-770AA8BF8408}.Release|Any CPU.ActiveCfg = Release|Any CPU
		{2D586B68-44F1-462B-81BE-770AA8BF8408}.Release|Any CPU.Build.0 = Release|Any CPU
	EndGlobalSection
	GlobalSection(SolutionProperties) = preSolution
		HideSolutionNode = FALSE
	EndGlobalSection
	GlobalSection(ExtensibilityGlobals) = postSolution
		SolutionGuid = {E781DF97-8483-4A03-98A7-31CF4EF32F1D}
	EndGlobalSection
EndGlobal
